
Microsoft Visual Studio Solution File, Format Version 12.00
# Visual Studio Version 17
VisualStudioVersion = 17.13.35913.81
MinimumVisualStudioVersion = 10.0.40219.1
Project("{FAE04EC0-301F-11D3-BF4B-00C04F79EFBC}") = "DotNetRingBufferConcept", "dotnet-ring-buffer-concept\DotNetRingBufferConcept.csproj", "{D794CFDE-C8D8-488C-AEC6-BFD137BE45CA}"
EndProject
Global
	GlobalSection(SolutionConfigurationPlatforms) = preSolution
		Debug|Any CPU = Debug|Any CPU
		Release|Any CPU = Release|Any CPU
	EndGlobalSection
	GlobalSection(ProjectConfigurationPlatforms) = postSolution
		{D794CFDE-C8D8-488C-AEC6-BFD137BE45CA}.Debug|Any CPU.ActiveCfg = Debug|Any CPU
		{D794CFDE-C8D8-488C-AEC6-BFD137BE45CA}.Debug|Any CPU.Build.0 = Debug|Any CPU
		{D794CFDE-C8D8-488C-AEC6-BFD137BE45CA}.Release|Any CPU.ActiveCfg = Release|Any CPU
		{D794CFDE-C8D8-488C-AEC6-BFD137BE45CA}.Release|Any CPU.Build.0 = Release|Any CPU
	EndGlobalSection
	GlobalSection(SolutionProperties) = preSolution
		HideSolutionNode = FALSE
	EndGlobalSection
	GlobalSection(ExtensibilityGlobals) = postSolution
		SolutionGuid = {5424499D-AF38-4560-895E-FCD343DAC20B}
	EndGlobalSection
EndGlobal
